
Microsoft Visual Studio Solution File, Format Version 12.00
# Visual Studio Version 16
VisualStudioVersion = 16.0.30002.166
MinimumVisualStudioVersion = 10.0.40219.1
Project("{FAE04EC0-301F-11D3-BF4B-00C04F79EFBC}") = "OOP_lab_2_17_1", "OOP_lab_2_17_1\OOP_lab_2_17_1.csproj", "{E4C6C241-C5A2-4D37-BA9D-D6426078F360}"
EndProject
Project("{2150E333-8FDC-42A3-9474-1A3956D46DE8}") = "Solution Items", "Solution Items", "{21A375F8-1FDB-48DA-A0C3-1E4AC2EF1611}"
	ProjectSection(SolutionItems) = preProject
		.travis.yml = .travis.yml
	EndProjectSection
EndProject
Global
	GlobalSection(SolutionConfigurationPlatforms) = preSolution
		Debug|Any CPU = Debug|Any CPU
		Release|Any CPU = Release|Any CPU
	EndGlobalSection
	GlobalSection(ProjectConfigurationPlatforms) = postSolution
		{E4C6C241-C5A2-4D37-BA9D-D6426078F360}.Debug|Any CPU.ActiveCfg = Debug|Any CPU
		{E4C6C241-C5A2-4D37-BA9D-D6426078F360}.Debug|Any CPU.Build.0 = Debug|Any CPU
		{E4C6C241-C5A2-4D37-BA9D-D6426078F360}.Release|Any CPU.ActiveCfg = Release|Any CPU
		{E4C6C241-C5A2-4D37-BA9D-D6426078F360}.Release|Any CPU.Build.0 = Release|Any CPU
	EndGlobalSection
	GlobalSection(SolutionProperties) = preSolution
		HideSolutionNode = FALSE
	EndGlobalSection
	GlobalSection(ExtensibilityGlobals) = postSolution
		SolutionGuid = {5F5D5EEB-42C4-4525-8110-F7CFA15F5055}
	EndGlobalSection
EndGlobal
